
Microsoft Visual Studio Solution File, Format Version 12.00
# Visual Studio 14
VisualStudioVersion = 14.0.25420.1
MinimumVisualStudioVersion = 10.0.40219.1
Project("{FAE04EC0-301F-11D3-BF4B-00C04F79EFBC}") = "PracticalLab", "PracticalLab\PracticalLab.csproj", "{E969270B-96B2-4401-9773-D9BD2579DDF8}"
EndProject
Project("{FAE04EC0-301F-11D3-BF4B-00C04F79EFBC}") = "PracticalLabTest", "PracticalLabTest\PracticalLabTest.csproj", "{D405C739-C403-42C2-B598-E4EBCFAB1318}"
EndProject
Global
	GlobalSection(SolutionConfigurationPlatforms) = preSolution
		Debug|Any CPU = Debug|Any CPU
		Release|Any CPU = Release|Any CPU
	EndGlobalSection
	GlobalSection(ProjectConfigurationPlatforms) = postSolution
		{E969270B-96B2-4401-9773-D9BD2579DDF8}.Debug|Any CPU.ActiveCfg = Debug|Any CPU
		{E969270B-96B2-4401-9773-D9BD2579DDF8}.Debug|Any CPU.Build.0 = Debug|Any CPU
		{E969270B-96B2-4401-9773-D9BD2579DDF8}.Release|Any CPU.ActiveCfg = Release|Any CPU
		{E969270B-96B2-4401-9773-D9BD2579DDF8}.Release|Any CPU.Build.0 = Release|Any CPU
		{D405C739-C403-42C2-B598-E4EBCFAB1318}.Debug|Any CPU.ActiveCfg = Debug|Any CPU
		{D405C739-C403-42C2-B598-E4EBCFAB1318}.Debug|Any CPU.Build.0 = Debug|Any CPU
		{D405C739-C403-42C2-B598-E4EBCFAB1318}.Release|Any CPU.ActiveCfg = Release|Any CPU
		{D405C739-C403-42C2-B598-E4EBCFAB1318}.Release|Any CPU.Build.0 = Release|Any CPU
	EndGlobalSection
	GlobalSection(SolutionProperties) = preSolution
		HideSolutionNode = FALSE
	EndGlobalSection
EndGlobal
